
Microsoft Visual Studio Solution File, Format Version 12.00
# Visual Studio Version 17
VisualStudioVersion = 17.13.35825.156 d17.13
MinimumVisualStudioVersion = 10.0.40219.1
Project("{FAE04EC0-301F-11D3-BF4B-00C04F79EFBC}") = "Лаба№2", "Лаба№2\Лаба№2.csproj", "{9FC9329A-A655-4ECE-A110-28FAE694A186}"
EndProject
Global
	GlobalSection(SolutionConfigurationPlatforms) = preSolution
		Debug|Any CPU = Debug|Any CPU
		Release|Any CPU = Release|Any CPU
	EndGlobalSection
	GlobalSection(ProjectConfigurationPlatforms) = postSolution
		{9FC9329A-A655-4ECE-A110-28FAE694A186}.Debug|Any CPU.ActiveCfg = Debug|Any CPU
		{9FC9329A-A655-4ECE-A110-28FAE694A186}.Debug|Any CPU.Build.0 = Debug|Any CPU
		{9FC9329A-A655-4ECE-A110-28FAE694A186}.Release|Any CPU.ActiveCfg = Release|Any CPU
		{9FC9329A-A655-4ECE-A110-28FAE694A186}.Release|Any CPU.Build.0 = Release|Any CPU
	EndGlobalSection
	GlobalSection(SolutionProperties) = preSolution
		HideSolutionNode = FALSE
	EndGlobalSection
	GlobalSection(ExtensibilityGlobals) = postSolution
		SolutionGuid = {DF291D57-B885-42DC-85C6-0F6B33F9B816}
	EndGlobalSection
EndGlobal
